
Microsoft Visual Studio Solution File, Format Version 10.00
# Visual Studio 2008
Project("{FAE04EC0-301F-11D3-BF4B-00C04F79EFBC}") = "ld22", "ld22.csproj", "{E1B8A14A-CFAA-45B7-9A4D-BD81E88EA87F}"
EndProject
Global
	GlobalSection(SolutionConfigurationPlatforms) = preSolution
		Debug|x86 = Debug|x86
		Release|x86 = Release|x86
	EndGlobalSection
	GlobalSection(ProjectConfigurationPlatforms) = postSolution
		{E1B8A14A-CFAA-45B7-9A4D-BD81E88EA87F}.Debug|x86.ActiveCfg = Debug|x86
		{E1B8A14A-CFAA-45B7-9A4D-BD81E88EA87F}.Debug|x86.Build.0 = Debug|x86
		{E1B8A14A-CFAA-45B7-9A4D-BD81E88EA87F}.Release|x86.ActiveCfg = Release|x86
		{E1B8A14A-CFAA-45B7-9A4D-BD81E88EA87F}.Release|x86.Build.0 = Release|x86
		{8C886718-58FB-4F25-B9B8-883CBCB4B1F6}.Debug|x86.ActiveCfg = Debug|x86
		{8C886718-58FB-4F25-B9B8-883CBCB4B1F6}.Release|x86.ActiveCfg = Release|x86
	EndGlobalSection
	GlobalSection(SolutionProperties) = preSolution
		HideSolutionNode = FALSE
	EndGlobalSection
EndGlobal
